
Microsoft Visual Studio Solution File, Format Version 12.00
# Visual Studio Version 17
VisualStudioVersion = 17.1.32421.90
MinimumVisualStudioVersion = 10.0.40219.1
Project("{FAE04EC0-301F-11D3-BF4B-00C04F79EFBC}") = "Problem Statement 3", "Problem Statement 3.csproj", "{E90B591E-0B67-40F5-9982-4E86A196E880}"
EndProject
Global
	GlobalSection(SolutionConfigurationPlatforms) = preSolution
		Debug|Any CPU = Debug|Any CPU
		Release|Any CPU = Release|Any CPU
	EndGlobalSection
	GlobalSection(ProjectConfigurationPlatforms) = postSolution
		{E90B591E-0B67-40F5-9982-4E86A196E880}.Debug|Any CPU.ActiveCfg = Debug|Any CPU
		{E90B591E-0B67-40F5-9982-4E86A196E880}.Debug|Any CPU.Build.0 = Debug|Any CPU
		{E90B591E-0B67-40F5-9982-4E86A196E880}.Release|Any CPU.ActiveCfg = Release|Any CPU
		{E90B591E-0B67-40F5-9982-4E86A196E880}.Release|Any CPU.Build.0 = Release|Any CPU
	EndGlobalSection
	GlobalSection(SolutionProperties) = preSolution
		HideSolutionNode = FALSE
	EndGlobalSection
	GlobalSection(ExtensibilityGlobals) = postSolution
		SolutionGuid = {26C21FAA-7A33-4989-BCD4-9AD0F1FA065D}
	EndGlobalSection
EndGlobal
