
Microsoft Visual Studio Solution File, Format Version 12.00
# Visual Studio Version 17
VisualStudioVersion = 17.1.32421.90
MinimumVisualStudioVersion = 10.0.40219.1
Project("{FAE04EC0-301F-11D3-BF4B-00C04F79EFBC}") = "Magic Card Trick", "Magic Card Trick.csproj", "{28C4DE49-B22A-4DA3-9375-B7665A68AF30}"
EndProject
Global
	GlobalSection(SolutionConfigurationPlatforms) = preSolution
		Debug|Any CPU = Debug|Any CPU
		Release|Any CPU = Release|Any CPU
	EndGlobalSection
	GlobalSection(ProjectConfigurationPlatforms) = postSolution
		{28C4DE49-B22A-4DA3-9375-B7665A68AF30}.Debug|Any CPU.ActiveCfg = Debug|Any CPU
		{28C4DE49-B22A-4DA3-9375-B7665A68AF30}.Debug|Any CPU.Build.0 = Debug|Any CPU
		{28C4DE49-B22A-4DA3-9375-B7665A68AF30}.Release|Any CPU.ActiveCfg = Release|Any CPU
		{28C4DE49-B22A-4DA3-9375-B7665A68AF30}.Release|Any CPU.Build.0 = Release|Any CPU
	EndGlobalSection
	GlobalSection(SolutionProperties) = preSolution
		HideSolutionNode = FALSE
	EndGlobalSection
	GlobalSection(ExtensibilityGlobals) = postSolution
		SolutionGuid = {5EA0BB60-EB34-4A6B-90DD-16D1934FF5C3}
	EndGlobalSection
EndGlobal
