
Microsoft Visual Studio Solution File, Format Version 12.00
# Visual Studio Version 17
VisualStudioVersion = 17.1.32421.90
MinimumVisualStudioVersion = 10.0.40219.1
Project("{FAE04EC0-301F-11D3-BF4B-00C04F79EFBC}") = "Fibonaaci", "Fibonaaci.csproj", "{05ACEDC0-FAF2-40E4-8EA1-917E543B4DF1}"
EndProject
Global
	GlobalSection(SolutionConfigurationPlatforms) = preSolution
		Debug|Any CPU = Debug|Any CPU
		Release|Any CPU = Release|Any CPU
	EndGlobalSection
	GlobalSection(ProjectConfigurationPlatforms) = postSolution
		{05ACEDC0-FAF2-40E4-8EA1-917E543B4DF1}.Debug|Any CPU.ActiveCfg = Debug|Any CPU
		{05ACEDC0-FAF2-40E4-8EA1-917E543B4DF1}.Debug|Any CPU.Build.0 = Debug|Any CPU
		{05ACEDC0-FAF2-40E4-8EA1-917E543B4DF1}.Release|Any CPU.ActiveCfg = Release|Any CPU
		{05ACEDC0-FAF2-40E4-8EA1-917E543B4DF1}.Release|Any CPU.Build.0 = Release|Any CPU
	EndGlobalSection
	GlobalSection(SolutionProperties) = preSolution
		HideSolutionNode = FALSE
	EndGlobalSection
	GlobalSection(ExtensibilityGlobals) = postSolution
		SolutionGuid = {CB3B8453-26F4-4B17-9EA7-CA9B1C3EF56C}
	EndGlobalSection
EndGlobal
